// !$*UTF8*$!
{
	archiveVersion = 1;
	classes = {
	};
	objectVersion = 56;
	objects = {

/* Begin PBXBuildFile section */
		BE13A80D2996A3C600D2533B /* MicOn.json in Resources */ = {isa = PBXBuildFile; fileRef = BE13A80C2996A3C500D2533B /* MicOn.json */; };
		BE13A80F2996AB3200D2533B /* RootView.swift in Sources */ = {isa = PBXBuildFile; fileRef = BE13A80E2996AB3200D2533B /* RootView.swift */; };
		BE13A8172998F86A00D2533B /* VibMusic_CompanionApp.swift in Sources */ = {isa = PBXBuildFile; fileRef = BE13A8162998F86A00D2533B /* VibMusic_CompanionApp.swift */; };
		BE13A8192998F86A00D2533B /* RootView.swift in Sources */ = {isa = PBXBuildFile; fileRef = BE13A8182998F86A00D2533B /* RootView.swift */; };
		BE13A81B2998F86B00D2533B /* Assets.xcassets in Resources */ = {isa = PBXBuildFile; fileRef = BE13A81A2998F86B00D2533B /* Assets.xcassets */; };
		BE13A81E2998F86B00D2533B /* Preview Assets.xcassets in Resources */ = {isa = PBXBuildFile; fileRef = BE13A81D2998F86B00D2533B /* Preview Assets.xcassets */; };
		BE13A8212998F86B00D2533B /* VibMusic Companion Watch App.app in Embed Watch Content */ = {isa = PBXBuildFile; fileRef = BE13A8142998F86A00D2533B /* VibMusic Companion Watch App.app */; settings = {ATTRIBUTES = (RemoveHeadersOnCopy, ); }; };
		BE13A8272998FA3B00D2533B /* iPhoneSessionDelegate.swift in Sources */ = {isa = PBXBuildFile; fileRef = BE13A8262998FA3B00D2533B /* iPhoneSessionDelegate.swift */; };
		BE13A83F2998FED800D2533B /* WatchSessionDelegate.swift in Sources */ = {isa = PBXBuildFile; fileRef = BE13A83E2998FED800D2533B /* WatchSessionDelegate.swift */; };
		BE13A84029993BBF00D2533B /* Ambiance.swift in Sources */ = {isa = PBXBuildFile; fileRef = BEF751A62953D483005CAB8A /* Ambiance.swift */; };
		BE13A842299955BB00D2533B /* AmbianceView.swift in Sources */ = {isa = PBXBuildFile; fileRef = BEF751BE29561F37005CAB8A /* AmbianceView.swift */; };
		BE13A8462999B93400D2533B /* RoomsView.swift in Sources */ = {isa = PBXBuildFile; fileRef = BE13A8452999B93400D2533B /* RoomsView.swift */; };
		BE13A848299AE60E00D2533B /* HomeView.swift in Sources */ = {isa = PBXBuildFile; fileRef = BE13A847299AE60D00D2533B /* HomeView.swift */; };
		BE13A84A299B064300D2533B /* RoomView.swift in Sources */ = {isa = PBXBuildFile; fileRef = BE13A849299B064300D2533B /* RoomView.swift */; };
		BE13A84C299B10D400D2533B /* AccessoryView.swift in Sources */ = {isa = PBXBuildFile; fileRef = BE13A84B299B10D400D2533B /* AccessoryView.swift */; };
		BE13A84E299B21AD00D2533B /* HomeKitTabView.swift in Sources */ = {isa = PBXBuildFile; fileRef = BE13A84D299B21AD00D2533B /* HomeKitTabView.swift */; };
		BE13A850299B228D00D2533B /* AmbiancesTabView.swift in Sources */ = {isa = PBXBuildFile; fileRef = BE13A84F299B228D00D2533B /* AmbiancesTabView.swift */; };
		BE8A0068294B538D00C97144 /* VibMusicApp.swift in Sources */ = {isa = PBXBuildFile; fileRef = BE8A0067294B538D00C97144 /* VibMusicApp.swift */; };
		BE8A006C294B538F00C97144 /* Assets.xcassets in Resources */ = {isa = PBXBuildFile; fileRef = BE8A006B294B538F00C97144 /* Assets.xcassets */; };
		BE8A006F294B538F00C97144 /* Preview Assets.xcassets in Resources */ = {isa = PBXBuildFile; fileRef = BE8A006E294B538F00C97144 /* Preview Assets.xcassets */; };
		BEED91592995CD750096EDD5 /* Lottie in Frameworks */ = {isa = PBXBuildFile; productRef = BEED91582995CD750096EDD5 /* Lottie */; };
		BEED91602995CEE30096EDD5 /* LottieView.swift in Sources */ = {isa = PBXBuildFile; fileRef = BEED915F2995CEE30096EDD5 /* LottieView.swift */; };
		BEED91622995CFEC0096EDD5 /* NoLightbulbFound.json in Resources */ = {isa = PBXBuildFile; fileRef = BEED91612995CFEC0096EDD5 /* NoLightbulbFound.json */; };
		BEED91642995E0900096EDD5 /* LightbulbOnOff.json in Resources */ = {isa = PBXBuildFile; fileRef = BEED91632995E0900096EDD5 /* LightbulbOnOff.json */; };
		BEF75195295371C4005CAB8A /* Tuner.swift in Sources */ = {isa = PBXBuildFile; fileRef = BEF75194295371C4005CAB8A /* Tuner.swift */; };
		BEF7519B29537472005CAB8A /* AudioKit in Frameworks */ = {isa = PBXBuildFile; productRef = BEF7519A29537472005CAB8A /* AudioKit */; };
		BEF7519E2953749C005CAB8A /* AudioKitEX in Frameworks */ = {isa = PBXBuildFile; productRef = BEF7519D2953749C005CAB8A /* AudioKitEX */; };
		BEF751A1295374AE005CAB8A /* AudioKitUI in Frameworks */ = {isa = PBXBuildFile; productRef = BEF751A0295374AE005CAB8A /* AudioKitUI */; };
		BEF751A4295374C0005CAB8A /* SoundpipeAudioKit in Frameworks */ = {isa = PBXBuildFile; productRef = BEF751A3295374C0005CAB8A /* SoundpipeAudioKit */; };
		BEF751A72953D483005CAB8A /* Ambiance.swift in Sources */ = {isa = PBXBuildFile; fileRef = BEF751A62953D483005CAB8A /* Ambiance.swift */; };
		BEF751AA2953EB73005CAB8A /* HomeStore.swift in Sources */ = {isa = PBXBuildFile; fileRef = BEF751A92953EB73005CAB8A /* HomeStore.swift */; };
		BEF751AC2953EBB3005CAB8A /* HomesView.swift in Sources */ = {isa = PBXBuildFile; fileRef = BEF751AB2953EBB3005CAB8A /* HomesView.swift */; };
		BEF751AE2953EC7E005CAB8A /* AccessoriesView.swift in Sources */ = {isa = PBXBuildFile; fileRef = BEF751AD2953EC7E005CAB8A /* AccessoriesView.swift */; };
		BEF751B02953ECEA005CAB8A /* CharacteristicsView.swift in Sources */ = {isa = PBXBuildFile; fileRef = BEF751AF2953ECEA005CAB8A /* CharacteristicsView.swift */; };
		BEF751B22953ED9A005CAB8A /* ServicesView.swift in Sources */ = {isa = PBXBuildFile; fileRef = BEF751B12953ED9A005CAB8A /* ServicesView.swift */; };
		BEF751B42954D227005CAB8A /* SettingsView.swift in Sources */ = {isa = PBXBuildFile; fileRef = BEF751B32954D226005CAB8A /* SettingsView.swift */; };
		BEF751BB29554B37005CAB8A /* AmplitudeSection.swift in Sources */ = {isa = PBXBuildFile; fileRef = BEF751BA29554B36005CAB8A /* AmplitudeSection.swift */; };
		BEF751BD2956174A005CAB8A /* AmbiancesScreen.swift in Sources */ = {isa = PBXBuildFile; fileRef = BEF751BC29561749005CAB8A /* AmbiancesScreen.swift */; };
		BEF751BF29561F37005CAB8A /* AmbianceView.swift in Sources */ = {isa = PBXBuildFile; fileRef = BEF751BE29561F37005CAB8A /* AmbianceView.swift */; };
		BEF751C129561FE1005CAB8A /* AmbiancesViewModel.swift in Sources */ = {isa = PBXBuildFile; fileRef = BEF751C029561FE1005CAB8A /* AmbiancesViewModel.swift */; };
		BEF751C329565057005CAB8A /* ManageAmbianceView.swift in Sources */ = {isa = PBXBuildFile; fileRef = BEF751C229565057005CAB8A /* ManageAmbianceView.swift */; };
/* End PBXBuildFile section */

/* Begin PBXContainerItemProxy section */
		BE13A81F2998F86B00D2533B /* PBXContainerItemProxy */ = {
			isa = PBXContainerItemProxy;
			containerPortal = BE8A005C294B538D00C97144 /* Project object */;
			proxyType = 1;
			remoteGlobalIDString = BE13A8132998F86A00D2533B;
			remoteInfo = "VibMusic Companion Watch App";
		};
/* End PBXContainerItemProxy section */

/* Begin PBXCopyFilesBuildPhase section */
		BE13A8252998F86B00D2533B /* Embed Watch Content */ = {
			isa = PBXCopyFilesBuildPhase;
			buildActionMask = 2147483647;
			dstPath = "$(CONTENTS_FOLDER_PATH)/Watch";
			dstSubfolderSpec = 16;
			files = (
				BE13A8212998F86B00D2533B /* VibMusic Companion Watch App.app in Embed Watch Content */,
			);
			name = "Embed Watch Content";
			runOnlyForDeploymentPostprocessing = 0;
		};
		BE13A83B2998FBDA00D2533B /* Embed ExtensionKit Extensions */ = {
			isa = PBXCopyFilesBuildPhase;
			buildActionMask = 2147483647;
			dstPath = "$(EXTENSIONS_FOLDER_PATH)";
			dstSubfolderSpec = 16;
			files = (
			);
			name = "Embed ExtensionKit Extensions";
			runOnlyForDeploymentPostprocessing = 0;
		};
/* End PBXCopyFilesBuildPhase section */

/* Begin PBXFileReference section */
		BE13A80C2996A3C500D2533B /* MicOn.json */ = {isa = PBXFileReference; fileEncoding = 4; lastKnownFileType = text.json; name = MicOn.json; path = ../../../../../../../../../../Downloads/MicOn.json; sourceTree = "<group>"; };
		BE13A80E2996AB3200D2533B /* RootView.swift */ = {isa = PBXFileReference; lastKnownFileType = sourcecode.swift; path = RootView.swift; sourceTree = "<group>"; };
		BE13A8142998F86A00D2533B /* VibMusic Companion Watch App.app */ = {isa = PBXFileReference; explicitFileType = wrapper.application; includeInIndex = 0; path = "VibMusic Companion Watch App.app"; sourceTree = BUILT_PRODUCTS_DIR; };
		BE13A8162998F86A00D2533B /* VibMusic_CompanionApp.swift */ = {isa = PBXFileReference; lastKnownFileType = sourcecode.swift; path = VibMusic_CompanionApp.swift; sourceTree = "<group>"; };
		BE13A8182998F86A00D2533B /* RootView.swift */ = {isa = PBXFileReference; lastKnownFileType = sourcecode.swift; path = RootView.swift; sourceTree = "<group>"; };
		BE13A81A2998F86B00D2533B /* Assets.xcassets */ = {isa = PBXFileReference; lastKnownFileType = folder.assetcatalog; path = Assets.xcassets; sourceTree = "<group>"; };
		BE13A81D2998F86B00D2533B /* Preview Assets.xcassets */ = {isa = PBXFileReference; lastKnownFileType = folder.assetcatalog; path = "Preview Assets.xcassets"; sourceTree = "<group>"; };
		BE13A8262998FA3B00D2533B /* iPhoneSessionDelegate.swift */ = {isa = PBXFileReference; lastKnownFileType = sourcecode.swift; path = iPhoneSessionDelegate.swift; sourceTree = "<group>"; };
		BE13A83E2998FED800D2533B /* WatchSessionDelegate.swift */ = {isa = PBXFileReference; lastKnownFileType = sourcecode.swift; path = WatchSessionDelegate.swift; sourceTree = "<group>"; };
		BE13A8452999B93400D2533B /* RoomsView.swift */ = {isa = PBXFileReference; lastKnownFileType = sourcecode.swift; path = RoomsView.swift; sourceTree = "<group>"; };
		BE13A847299AE60D00D2533B /* HomeView.swift */ = {isa = PBXFileReference; lastKnownFileType = sourcecode.swift; path = HomeView.swift; sourceTree = "<group>"; };
		BE13A849299B064300D2533B /* RoomView.swift */ = {isa = PBXFileReference; lastKnownFileType = sourcecode.swift; path = RoomView.swift; sourceTree = "<group>"; };
		BE13A84B299B10D400D2533B /* AccessoryView.swift */ = {isa = PBXFileReference; lastKnownFileType = sourcecode.swift; path = AccessoryView.swift; sourceTree = "<group>"; };
		BE13A84D299B21AD00D2533B /* HomeKitTabView.swift */ = {isa = PBXFileReference; lastKnownFileType = sourcecode.swift; path = HomeKitTabView.swift; sourceTree = "<group>"; };
		BE13A84F299B228D00D2533B /* AmbiancesTabView.swift */ = {isa = PBXFileReference; lastKnownFileType = sourcecode.swift; path = AmbiancesTabView.swift; sourceTree = "<group>"; };
		BE8A0064294B538D00C97144 /* VibMusic.app */ = {isa = PBXFileReference; explicitFileType = wrapper.application; includeInIndex = 0; path = VibMusic.app; sourceTree = BUILT_PRODUCTS_DIR; };
		BE8A0067294B538D00C97144 /* VibMusicApp.swift */ = {isa = PBXFileReference; lastKnownFileType = sourcecode.swift; path = VibMusicApp.swift; sourceTree = "<group>"; };
		BE8A006B294B538F00C97144 /* Assets.xcassets */ = {isa = PBXFileReference; lastKnownFileType = folder.assetcatalog; path = Assets.xcassets; sourceTree = "<group>"; };
		BE8A006E294B538F00C97144 /* Preview Assets.xcassets */ = {isa = PBXFileReference; lastKnownFileType = folder.assetcatalog; path = "Preview Assets.xcassets"; sourceTree = "<group>"; };
		BEED915F2995CEE30096EDD5 /* LottieView.swift */ = {isa = PBXFileReference; lastKnownFileType = sourcecode.swift; path = LottieView.swift; sourceTree = "<group>"; };
		BEED91612995CFEC0096EDD5 /* NoLightbulbFound.json */ = {isa = PBXFileReference; fileEncoding = 4; lastKnownFileType = text.json; name = NoLightbulbFound.json; path = ../../../../../../../../../../Downloads/NoLightbulbFound.json; sourceTree = "<group>"; };
		BEED91632995E0900096EDD5 /* LightbulbOnOff.json */ = {isa = PBXFileReference; fileEncoding = 4; lastKnownFileType = text.json; name = LightbulbOnOff.json; path = ../../../../../../../../../../Downloads/LightbulbOnOff.json; sourceTree = "<group>"; };
		BEED9165299661DD0096EDD5 /* Info.plist */ = {isa = PBXFileReference; lastKnownFileType = text.plist; path = Info.plist; sourceTree = "<group>"; };
		BEF75194295371C4005CAB8A /* Tuner.swift */ = {isa = PBXFileReference; lastKnownFileType = sourcecode.swift; path = Tuner.swift; sourceTree = "<group>"; };
		BEF751A62953D483005CAB8A /* Ambiance.swift */ = {isa = PBXFileReference; lastKnownFileType = sourcecode.swift; path = Ambiance.swift; sourceTree = "<group>"; };
		BEF751A82953E2A9005CAB8A /* VibMusic.entitlements */ = {isa = PBXFileReference; lastKnownFileType = text.plist.entitlements; path = VibMusic.entitlements; sourceTree = "<group>"; };
		BEF751A92953EB73005CAB8A /* HomeStore.swift */ = {isa = PBXFileReference; lastKnownFileType = sourcecode.swift; path = HomeStore.swift; sourceTree = "<group>"; };
		BEF751AB2953EBB3005CAB8A /* HomesView.swift */ = {isa = PBXFileReference; lastKnownFileType = sourcecode.swift; path = HomesView.swift; sourceTree = "<group>"; };
		BEF751AD2953EC7E005CAB8A /* AccessoriesView.swift */ = {isa = PBXFileReference; lastKnownFileType = sourcecode.swift; path = AccessoriesView.swift; sourceTree = "<group>"; };
		BEF751AF2953ECEA005CAB8A /* CharacteristicsView.swift */ = {isa = PBXFileReference; lastKnownFileType = sourcecode.swift; path = CharacteristicsView.swift; sourceTree = "<group>"; };
		BEF751B12953ED9A005CAB8A /* ServicesView.swift */ = {isa = PBXFileReference; lastKnownFileType = sourcecode.swift; path = ServicesView.swift; sourceTree = "<group>"; };
		BEF751B32954D226005CAB8A /* SettingsView.swift */ = {isa = PBXFileReference; lastKnownFileType = sourcecode.swift; path = SettingsView.swift; sourceTree = "<group>"; };
		BEF751BA29554B36005CAB8A /* AmplitudeSection.swift */ = {isa = PBXFileReference; lastKnownFileType = sourcecode.swift; path = AmplitudeSection.swift; sourceTree = "<group>"; };
		BEF751BC29561749005CAB8A /* AmbiancesScreen.swift */ = {isa = PBXFileReference; lastKnownFileType = sourcecode.swift; path = AmbiancesScreen.swift; sourceTree = "<group>"; };
		BEF751BE29561F37005CAB8A /* AmbianceView.swift */ = {isa = PBXFileReference; lastKnownFileType = sourcecode.swift; path = AmbianceView.swift; sourceTree = "<group>"; };
		BEF751C029561FE1005CAB8A /* AmbiancesViewModel.swift */ = {isa = PBXFileReference; lastKnownFileType = sourcecode.swift; path = AmbiancesViewModel.swift; sourceTree = "<group>"; };
		BEF751C229565057005CAB8A /* ManageAmbianceView.swift */ = {isa = PBXFileReference; lastKnownFileType = sourcecode.swift; path = ManageAmbianceView.swift; sourceTree = "<group>"; };
/* End PBXFileReference section */

/* Begin PBXFrameworksBuildPhase section */
		BE13A8112998F86A00D2533B /* Frameworks */ = {
			isa = PBXFrameworksBuildPhase;
			buildActionMask = 2147483647;
			files = (
			);
			runOnlyForDeploymentPostprocessing = 0;
		};
		BE8A0061294B538D00C97144 /* Frameworks */ = {
			isa = PBXFrameworksBuildPhase;
			buildActionMask = 2147483647;
			files = (
				BEED91592995CD750096EDD5 /* Lottie in Frameworks */,
				BEF7519B29537472005CAB8A /* AudioKit in Frameworks */,
				BEF751A1295374AE005CAB8A /* AudioKitUI in Frameworks */,
				BEF751A4295374C0005CAB8A /* SoundpipeAudioKit in Frameworks */,
				BEF7519E2953749C005CAB8A /* AudioKitEX in Frameworks */,
			);
			runOnlyForDeploymentPostprocessing = 0;
		};
/* End PBXFrameworksBuildPhase section */

/* Begin PBXGroup section */
		BE13A8152998F86A00D2533B /* VibMusic Companion Watch App */ = {
			isa = PBXGroup;
			children = (
				BE13A8162998F86A00D2533B /* VibMusic_CompanionApp.swift */,
				BE13A8182998F86A00D2533B /* RootView.swift */,
				BE13A81A2998F86B00D2533B /* Assets.xcassets */,
				BE13A81C2998F86B00D2533B /* Preview Content */,
				BE13A83E2998FED800D2533B /* WatchSessionDelegate.swift */,
			);
			path = "VibMusic Companion Watch App";
			sourceTree = "<group>";
		};
		BE13A81C2998F86B00D2533B /* Preview Content */ = {
			isa = PBXGroup;
			children = (
				BE13A81D2998F86B00D2533B /* Preview Assets.xcassets */,
			);
			path = "Preview Content";
			sourceTree = "<group>";
		};
		BE8A005B294B538D00C97144 = {
			isa = PBXGroup;
			children = (
				BE8A0066294B538D00C97144 /* VibMusic */,
				BE13A8152998F86A00D2533B /* VibMusic Companion Watch App */,
				BE8A0065294B538D00C97144 /* Products */,
			);
			sourceTree = "<group>";
		};
		BE8A0065294B538D00C97144 /* Products */ = {
			isa = PBXGroup;
			children = (
				BE8A0064294B538D00C97144 /* VibMusic.app */,
				BE13A8142998F86A00D2533B /* VibMusic Companion Watch App.app */,
			);
			name = Products;
			sourceTree = "<group>";
		};
		BE8A0066294B538D00C97144 /* VibMusic */ = {
			isa = PBXGroup;
			children = (
				BEED9165299661DD0096EDD5 /* Info.plist */,
				BEF751A82953E2A9005CAB8A /* VibMusic.entitlements */,
				BE8A0067294B538D00C97144 /* VibMusicApp.swift */,
				BE13A8262998FA3B00D2533B /* iPhoneSessionDelegate.swift */,
				BEED915B2995CE430096EDD5 /* Views */,
				BEF751A92953EB73005CAB8A /* HomeStore.swift */,
				BEF75194295371C4005CAB8A /* Tuner.swift */,
				BEF751C029561FE1005CAB8A /* AmbiancesViewModel.swift */,
				BEF751A52953D478005CAB8A /* Models */,
				BEED915D2995CEB80096EDD5 /* Assets */,
				BE8A006D294B538F00C97144 /* Preview Content */,
			);
			path = VibMusic;
			sourceTree = "<group>";
		};
		BE8A006D294B538F00C97144 /* Preview Content */ = {
			isa = PBXGroup;
			children = (
				BE8A006E294B538F00C97144 /* Preview Assets.xcassets */,
			);
			path = "Preview Content";
			sourceTree = "<group>";
		};
		BEED915A2995CDF10096EDD5 /* HomeKitViews */ = {
			isa = PBXGroup;
			children = (
				BEF751AB2953EBB3005CAB8A /* HomesView.swift */,
				BE13A8452999B93400D2533B /* RoomsView.swift */,
				BEF751AD2953EC7E005CAB8A /* AccessoriesView.swift */,
				BEF751B12953ED9A005CAB8A /* ServicesView.swift */,
				BEF751AF2953ECEA005CAB8A /* CharacteristicsView.swift */,
			);
			path = HomeKitViews;
			sourceTree = "<group>";
		};
		BEED915B2995CE430096EDD5 /* Views */ = {
			isa = PBXGroup;
			children = (
				BE13A80E2996AB3200D2533B /* RootView.swift */,
				BE13A84D299B21AD00D2533B /* HomeKitTabView.swift */,
				BEF751B32954D226005CAB8A /* SettingsView.swift */,
				BE13A84F299B228D00D2533B /* AmbiancesTabView.swift */,
				BEED915C2995CE560096EDD5 /* AmbianceViews */,
				BEED915A2995CDF10096EDD5 /* HomeKitViews */,
				BE13A847299AE60D00D2533B /* HomeView.swift */,
				BE13A849299B064300D2533B /* RoomView.swift */,
				BE13A84B299B10D400D2533B /* AccessoryView.swift */,
			);
			path = Views;
			sourceTree = "<group>";
		};
		BEED915C2995CE560096EDD5 /* AmbianceViews */ = {
			isa = PBXGroup;
			children = (
				BEF751BE29561F37005CAB8A /* AmbianceView.swift */,
				BEF751BC29561749005CAB8A /* AmbiancesScreen.swift */,
				BEF751BA29554B36005CAB8A /* AmplitudeSection.swift */,
				BEF751C229565057005CAB8A /* ManageAmbianceView.swift */,
			);
			path = AmbianceViews;
			sourceTree = "<group>";
		};
		BEED915D2995CEB80096EDD5 /* Assets */ = {
			isa = PBXGroup;
			children = (
				BEED915E2995CECE0096EDD5 /* Lotties */,
				BE8A006B294B538F00C97144 /* Assets.xcassets */,
			);
			path = Assets;
			sourceTree = "<group>";
		};
		BEED915E2995CECE0096EDD5 /* Lotties */ = {
			isa = PBXGroup;
			children = (
				BE13A80C2996A3C500D2533B /* MicOn.json */,
				BEED915F2995CEE30096EDD5 /* LottieView.swift */,
				BEED91632995E0900096EDD5 /* LightbulbOnOff.json */,
				BEED91612995CFEC0096EDD5 /* NoLightbulbFound.json */,
			);
			path = Lotties;
			sourceTree = "<group>";
		};
		BEF751A52953D478005CAB8A /* Models */ = {
			isa = PBXGroup;
			children = (
				BEF751A62953D483005CAB8A /* Ambiance.swift */,
			);
			path = Models;
			sourceTree = "<group>";
		};
/* End PBXGroup section */

/* Begin PBXNativeTarget section */
		BE13A8132998F86A00D2533B /* VibMusic Companion Watch App */ = {
			isa = PBXNativeTarget;
			buildConfigurationList = BE13A8222998F86B00D2533B /* Build configuration list for PBXNativeTarget "VibMusic Companion Watch App" */;
			buildPhases = (
				BE13A8102998F86A00D2533B /* Sources */,
				BE13A8112998F86A00D2533B /* Frameworks */,
				BE13A8122998F86A00D2533B /* Resources */,
				BE13A83B2998FBDA00D2533B /* Embed ExtensionKit Extensions */,
			);
			buildRules = (
			);
			dependencies = (
			);
			name = "VibMusic Companion Watch App";
			productName = "VibMusic Companion Watch App";
			productReference = BE13A8142998F86A00D2533B /* VibMusic Companion Watch App.app */;
			productType = "com.apple.product-type.application";
		};
		BE8A0063294B538D00C97144 /* VibMusic */ = {
			isa = PBXNativeTarget;
			buildConfigurationList = BE8A0072294B538F00C97144 /* Build configuration list for PBXNativeTarget "VibMusic" */;
			buildPhases = (
				BE8A0060294B538D00C97144 /* Sources */,
				BE8A0061294B538D00C97144 /* Frameworks */,
				BE8A0062294B538D00C97144 /* Resources */,
				BE13A8252998F86B00D2533B /* Embed Watch Content */,
			);
			buildRules = (
			);
			dependencies = (
				BE13A8202998F86B00D2533B /* PBXTargetDependency */,
			);
			name = VibMusic;
			packageProductDependencies = (
				BEF7519A29537472005CAB8A /* AudioKit */,
				BEF7519D2953749C005CAB8A /* AudioKitEX */,
				BEF751A0295374AE005CAB8A /* AudioKitUI */,
				BEF751A3295374C0005CAB8A /* SoundpipeAudioKit */,
				BEED91582995CD750096EDD5 /* Lottie */,
			);
			productName = VibMusic;
			productReference = BE8A0064294B538D00C97144 /* VibMusic.app */;
			productType = "com.apple.product-type.application";
		};
/* End PBXNativeTarget section */

/* Begin PBXProject section */
		BE8A005C294B538D00C97144 /* Project object */ = {
			isa = PBXProject;
			attributes = {
				BuildIndependentTargetsInParallel = 1;
				LastSwiftUpdateCheck = 1400;
				LastUpgradeCheck = 1400;
				TargetAttributes = {
					BE13A8132998F86A00D2533B = {
						CreatedOnToolsVersion = 14.0.1;
					};
					BE8A0063294B538D00C97144 = {
						CreatedOnToolsVersion = 14.0.1;
					};
				};
			};
			buildConfigurationList = BE8A005F294B538D00C97144 /* Build configuration list for PBXProject "VibMusic" */;
			compatibilityVersion = "Xcode 14.0";
			developmentRegion = en;
			hasScannedForEncodings = 0;
			knownRegions = (
				en,
				Base,
			);
			mainGroup = BE8A005B294B538D00C97144;
			packageReferences = (
				BEF7519929537472005CAB8A /* XCRemoteSwiftPackageReference "AudioKit" */,
				BEF7519C2953749C005CAB8A /* XCRemoteSwiftPackageReference "AudioKitEX" */,
				BEF7519F295374AE005CAB8A /* XCRemoteSwiftPackageReference "AudioKitUI" */,
				BEF751A2295374C0005CAB8A /* XCRemoteSwiftPackageReference "SoundpipeAudioKit" */,
				BEED91572995CD750096EDD5 /* XCRemoteSwiftPackageReference "lottie-ios" */,
			);
			productRefGroup = BE8A0065294B538D00C97144 /* Products */;
			projectDirPath = "";
			projectRoot = "";
			targets = (
				BE8A0063294B538D00C97144 /* VibMusic */,
				BE13A8132998F86A00D2533B /* VibMusic Companion Watch App */,
			);
		};
/* End PBXProject section */

/* Begin PBXResourcesBuildPhase section */
		BE13A8122998F86A00D2533B /* Resources */ = {
			isa = PBXResourcesBuildPhase;
			buildActionMask = 2147483647;
			files = (
				BE13A81E2998F86B00D2533B /* Preview Assets.xcassets in Resources */,
				BE13A81B2998F86B00D2533B /* Assets.xcassets in Resources */,
			);
			runOnlyForDeploymentPostprocessing = 0;
		};
		BE8A0062294B538D00C97144 /* Resources */ = {
			isa = PBXResourcesBuildPhase;
			buildActionMask = 2147483647;
			files = (
				BE8A006F294B538F00C97144 /* Preview Assets.xcassets in Resources */,
				BEED91642995E0900096EDD5 /* LightbulbOnOff.json in Resources */,
				BE8A006C294B538F00C97144 /* Assets.xcassets in Resources */,
				BE13A80D2996A3C600D2533B /* MicOn.json in Resources */,
				BEED91622995CFEC0096EDD5 /* NoLightbulbFound.json in Resources */,
			);
			runOnlyForDeploymentPostprocessing = 0;
		};
/* End PBXResourcesBuildPhase section */

/* Begin PBXSourcesBuildPhase section */
		BE13A8102998F86A00D2533B /* Sources */ = {
			isa = PBXSourcesBuildPhase;
			buildActionMask = 2147483647;
			files = (
				BE13A83F2998FED800D2533B /* WatchSessionDelegate.swift in Sources */,
				BE13A84029993BBF00D2533B /* Ambiance.swift in Sources */,
				BE13A842299955BB00D2533B /* AmbianceView.swift in Sources */,
				BE13A8192998F86A00D2533B /* RootView.swift in Sources */,
				BE13A8172998F86A00D2533B /* VibMusic_CompanionApp.swift in Sources */,
			);
			runOnlyForDeploymentPostprocessing = 0;
		};
		BE8A0060294B538D00C97144 /* Sources */ = {
			isa = PBXSourcesBuildPhase;
			buildActionMask = 2147483647;
			files = (
				BE13A850299B228D00D2533B /* AmbiancesTabView.swift in Sources */,
				BEF751C129561FE1005CAB8A /* AmbiancesViewModel.swift in Sources */,
				BEF751AA2953EB73005CAB8A /* HomeStore.swift in Sources */,
				BEED91602995CEE30096EDD5 /* LottieView.swift in Sources */,
				BEF751C329565057005CAB8A /* ManageAmbianceView.swift in Sources */,
				BE13A84C299B10D400D2533B /* AccessoryView.swift in Sources */,
				BEF75195295371C4005CAB8A /* Tuner.swift in Sources */,
				BE8A0068294B538D00C97144 /* VibMusicApp.swift in Sources */,
				BEF751BD2956174A005CAB8A /* AmbiancesScreen.swift in Sources */,
				BE13A84E299B21AD00D2533B /* HomeKitTabView.swift in Sources */,
				BEF751AE2953EC7E005CAB8A /* AccessoriesView.swift in Sources */,
				BE13A80F2996AB3200D2533B /* RootView.swift in Sources */,
				BE13A8462999B93400D2533B /* RoomsView.swift in Sources */,
				BEF751B22953ED9A005CAB8A /* ServicesView.swift in Sources */,
				BE13A8272998FA3B00D2533B /* iPhoneSessionDelegate.swift in Sources */,
				BE13A848299AE60E00D2533B /* HomeView.swift in Sources */,
				BEF751B42954D227005CAB8A /* SettingsView.swift in Sources */,
				BEF751BB29554B37005CAB8A /* AmplitudeSection.swift in Sources */,
				BEF751BF29561F37005CAB8A /* AmbianceView.swift in Sources */,
				BEF751AC2953EBB3005CAB8A /* HomesView.swift in Sources */,
				BE13A84A299B064300D2533B /* RoomView.swift in Sources */,
				BEF751B02953ECEA005CAB8A /* CharacteristicsView.swift in Sources */,
				BEF751A72953D483005CAB8A /* Ambiance.swift in Sources */,
			);
			runOnlyForDeploymentPostprocessing = 0;
		};
/* End PBXSourcesBuildPhase section */

/* Begin PBXTargetDependency section */
		BE13A8202998F86B00D2533B /* PBXTargetDependency */ = {
			isa = PBXTargetDependency;
			target = BE13A8132998F86A00D2533B /* VibMusic Companion Watch App */;
			targetProxy = BE13A81F2998F86B00D2533B /* PBXContainerItemProxy */;
		};
/* End PBXTargetDependency section */

/* Begin XCBuildConfiguration section */
		BE13A8232998F86B00D2533B /* Debug */ = {
			isa = XCBuildConfiguration;
			buildSettings = {
				ASSETCATALOG_COMPILER_APPICON_NAME = AppIcon;
				ASSETCATALOG_COMPILER_GLOBAL_ACCENT_COLOR_NAME = AccentColor;
				CODE_SIGN_STYLE = Automatic;
				CURRENT_PROJECT_VERSION = 1;
				DEVELOPMENT_ASSET_PATHS = "\"VibMusic Companion Watch App/Preview Content\"";
				DEVELOPMENT_TEAM = 32437GKU5J;
				ENABLE_PREVIEWS = YES;
				GENERATE_INFOPLIST_FILE = YES;
				INFOPLIST_KEY_CFBundleDisplayName = "VibMusic Companion";
				INFOPLIST_KEY_UISupportedInterfaceOrientations = "UIInterfaceOrientationPortrait UIInterfaceOrientationPortraitUpsideDown";
				INFOPLIST_KEY_WKCompanionAppBundleIdentifier = com.gwendalvallee.VibMusic;
				LD_RUNPATH_SEARCH_PATHS = (
					"$(inherited)",
					"@executable_path/Frameworks",
				);
				MARKETING_VERSION = 1.0;
				PRODUCT_BUNDLE_IDENTIFIER = com.gwendalvallee.VibMusic.watchkitapp;
				PRODUCT_NAME = "$(TARGET_NAME)";
				SDKROOT = watchos;
				SKIP_INSTALL = YES;
				SWIFT_EMIT_LOC_STRINGS = YES;
				SWIFT_VERSION = 5.0;
				TARGETED_DEVICE_FAMILY = 4;
				WATCHOS_DEPLOYMENT_TARGET = 9.0;
			};
			name = Debug;
		};
		BE13A8242998F86B00D2533B /* Release */ = {
			isa = XCBuildConfiguration;
			buildSettings = {
				ASSETCATALOG_COMPILER_APPICON_NAME = AppIcon;
				ASSETCATALOG_COMPILER_GLOBAL_ACCENT_COLOR_NAME = AccentColor;
				CODE_SIGN_STYLE = Automatic;
				CURRENT_PROJECT_VERSION = 1;
				DEVELOPMENT_ASSET_PATHS = "\"VibMusic Companion Watch App/Preview Content\"";
				DEVELOPMENT_TEAM = 32437GKU5J;
				ENABLE_PREVIEWS = YES;
				GENERATE_INFOPLIST_FILE = YES;
				INFOPLIST_KEY_CFBundleDisplayName = "VibMusic Companion";
				INFOPLIST_KEY_UISupportedInterfaceOrientations = "UIInterfaceOrientationPortrait UIInterfaceOrientationPortraitUpsideDown";
				INFOPLIST_KEY_WKCompanionAppBundleIdentifier = com.gwendalvallee.VibMusic;
				LD_RUNPATH_SEARCH_PATHS = (
					"$(inherited)",
					"@executable_path/Frameworks",
				);
				MARKETING_VERSION = 1.0;
				PRODUCT_BUNDLE_IDENTIFIER = com.gwendalvallee.VibMusic.watchkitapp;
				PRODUCT_NAME = "$(TARGET_NAME)";
				SDKROOT = watchos;
				SKIP_INSTALL = YES;
				SWIFT_EMIT_LOC_STRINGS = YES;
				SWIFT_VERSION = 5.0;
				TARGETED_DEVICE_FAMILY = 4;
				WATCHOS_DEPLOYMENT_TARGET = 9.0;
			};
			name = Release;
		};
		BE8A0070294B538F00C97144 /* Debug */ = {
			isa = XCBuildConfiguration;
			buildSettings = {
				ALWAYS_SEARCH_USER_PATHS = NO;
				CLANG_ANALYZER_NONNULL = YES;
				CLANG_ANALYZER_NUMBER_OBJECT_CONVERSION = YES_AGGRESSIVE;
				CLANG_CXX_LANGUAGE_STANDARD = "gnu++20";
				CLANG_ENABLE_MODULES = YES;
				CLANG_ENABLE_OBJC_ARC = YES;
				CLANG_ENABLE_OBJC_WEAK = YES;
				CLANG_WARN_BLOCK_CAPTURE_AUTORELEASING = YES;
				CLANG_WARN_BOOL_CONVERSION = YES;
				CLANG_WARN_COMMA = YES;
				CLANG_WARN_CONSTANT_CONVERSION = YES;
				CLANG_WARN_DEPRECATED_OBJC_IMPLEMENTATIONS = YES;
				CLANG_WARN_DIRECT_OBJC_ISA_USAGE = YES_ERROR;
				CLANG_WARN_DOCUMENTATION_COMMENTS = YES;
				CLANG_WARN_EMPTY_BODY = YES;
				CLANG_WARN_ENUM_CONVERSION = YES;
				CLANG_WARN_INFINITE_RECURSION = YES;
				CLANG_WARN_INT_CONVERSION = YES;
				CLANG_WARN_NON_LITERAL_NULL_CONVERSION = YES;
				CLANG_WARN_OBJC_IMPLICIT_RETAIN_SELF = YES;
				CLANG_WARN_OBJC_LITERAL_CONVERSION = YES;
				CLANG_WARN_OBJC_ROOT_CLASS = YES_ERROR;
				CLANG_WARN_QUOTED_INCLUDE_IN_FRAMEWORK_HEADER = YES;
				CLANG_WARN_RANGE_LOOP_ANALYSIS = YES;
				CLANG_WARN_STRICT_PROTOTYPES = YES;
				CLANG_WARN_SUSPICIOUS_MOVE = YES;
				CLANG_WARN_UNGUARDED_AVAILABILITY = YES_AGGRESSIVE;
				CLANG_WARN_UNREACHABLE_CODE = YES;
				CLANG_WARN__DUPLICATE_METHOD_MATCH = YES;
				COPY_PHASE_STRIP = NO;
				DEBUG_INFORMATION_FORMAT = dwarf;
				ENABLE_STRICT_OBJC_MSGSEND = YES;
				ENABLE_TESTABILITY = YES;
				GCC_C_LANGUAGE_STANDARD = gnu11;
				GCC_DYNAMIC_NO_PIC = NO;
				GCC_NO_COMMON_BLOCKS = YES;
				GCC_OPTIMIZATION_LEVEL = 0;
				GCC_PREPROCESSOR_DEFINITIONS = (
					"DEBUG=1",
					"$(inherited)",
				);
				GCC_WARN_64_TO_32_BIT_CONVERSION = YES;
				GCC_WARN_ABOUT_RETURN_TYPE = YES_ERROR;
				GCC_WARN_UNDECLARED_SELECTOR = YES;
				GCC_WARN_UNINITIALIZED_AUTOS = YES_AGGRESSIVE;
				GCC_WARN_UNUSED_FUNCTION = YES;
				GCC_WARN_UNUSED_VARIABLE = YES;
				IPHONEOS_DEPLOYMENT_TARGET = 16.0;
				MTL_ENABLE_DEBUG_INFO = INCLUDE_SOURCE;
				MTL_FAST_MATH = YES;
				ONLY_ACTIVE_ARCH = YES;
				SDKROOT = iphoneos;
				SWIFT_ACTIVE_COMPILATION_CONDITIONS = DEBUG;
				SWIFT_OPTIMIZATION_LEVEL = "-Onone";
			};
			name = Debug;
		};
		BE8A0071294B538F00C97144 /* Release */ = {
			isa = XCBuildConfiguration;
			buildSettings = {
				ALWAYS_SEARCH_USER_PATHS = NO;
				CLANG_ANALYZER_NONNULL = YES;
				CLANG_ANALYZER_NUMBER_OBJECT_CONVERSION = YES_AGGRESSIVE;
				CLANG_CXX_LANGUAGE_STANDARD = "gnu++20";
				CLANG_ENABLE_MODULES = YES;
				CLANG_ENABLE_OBJC_ARC = YES;
				CLANG_ENABLE_OBJC_WEAK = YES;
				CLANG_WARN_BLOCK_CAPTURE_AUTORELEASING = YES;
				CLANG_WARN_BOOL_CONVERSION = YES;
				CLANG_WARN_COMMA = YES;
				CLANG_WARN_CONSTANT_CONVERSION = YES;
				CLANG_WARN_DEPRECATED_OBJC_IMPLEMENTATIONS = YES;
				CLANG_WARN_DIRECT_OBJC_ISA_USAGE = YES_ERROR;
				CLANG_WARN_DOCUMENTATION_COMMENTS = YES;
				CLANG_WARN_EMPTY_BODY = YES;
				CLANG_WARN_ENUM_CONVERSION = YES;
				CLANG_WARN_INFINITE_RECURSION = YES;
				CLANG_WARN_INT_CONVERSION = YES;
				CLANG_WARN_NON_LITERAL_NULL_CONVERSION = YES;
				CLANG_WARN_OBJC_IMPLICIT_RETAIN_SELF = YES;
				CLANG_WARN_OBJC_LITERAL_CONVERSION = YES;
				CLANG_WARN_OBJC_ROOT_CLASS = YES_ERROR;
				CLANG_WARN_QUOTED_INCLUDE_IN_FRAMEWORK_HEADER = YES;
				CLANG_WARN_RANGE_LOOP_ANALYSIS = YES;
				CLANG_WARN_STRICT_PROTOTYPES = YES;
				CLANG_WARN_SUSPICIOUS_MOVE = YES;
				CLANG_WARN_UNGUARDED_AVAILABILITY = YES_AGGRESSIVE;
				CLANG_WARN_UNREACHABLE_CODE = YES;
				CLANG_WARN__DUPLICATE_METHOD_MATCH = YES;
				COPY_PHASE_STRIP = NO;
				DEBUG_INFORMATION_FORMAT = "dwarf-with-dsym";
				ENABLE_NS_ASSERTIONS = NO;
				ENABLE_STRICT_OBJC_MSGSEND = YES;
				GCC_C_LANGUAGE_STANDARD = gnu11;
				GCC_NO_COMMON_BLOCKS = YES;
				GCC_WARN_64_TO_32_BIT_CONVERSION = YES;
				GCC_WARN_ABOUT_RETURN_TYPE = YES_ERROR;
				GCC_WARN_UNDECLARED_SELECTOR = YES;
				GCC_WARN_UNINITIALIZED_AUTOS = YES_AGGRESSIVE;
				GCC_WARN_UNUSED_FUNCTION = YES;
				GCC_WARN_UNUSED_VARIABLE = YES;
				IPHONEOS_DEPLOYMENT_TARGET = 16.0;
				MTL_ENABLE_DEBUG_INFO = NO;
				MTL_FAST_MATH = YES;
				SDKROOT = iphoneos;
				SWIFT_COMPILATION_MODE = wholemodule;
				SWIFT_OPTIMIZATION_LEVEL = "-O";
				VALIDATE_PRODUCT = YES;
			};
			name = Release;
		};
		BE8A0073294B538F00C97144 /* Debug */ = {
			isa = XCBuildConfiguration;
			buildSettings = {
				ALWAYS_EMBED_SWIFT_STANDARD_LIBRARIES = YES;
				ASSETCATALOG_COMPILER_APPICON_NAME = AppIcon;
				ASSETCATALOG_COMPILER_GLOBAL_ACCENT_COLOR_NAME = AccentColor;
				CODE_SIGN_ENTITLEMENTS = VibMusic/VibMusic.entitlements;
				CODE_SIGN_STYLE = Automatic;
				CURRENT_PROJECT_VERSION = 1;
				DEVELOPMENT_ASSET_PATHS = "\"VibMusic/Preview Content\"";
				DEVELOPMENT_TEAM = 32437GKU5J;
				ENABLE_PREVIEWS = YES;
				GENERATE_INFOPLIST_FILE = YES;
				INFOPLIST_FILE = VibMusic/Info.plist;
				INFOPLIST_KEY_NSHomeKitUsageDescription = "L'application a besoin d'accéder à HomeKit pour contrôler la lumière";
				INFOPLIST_KEY_NSMicrophoneUsageDescription = "Please allow microphone to detect background sound";
				INFOPLIST_KEY_UIApplicationSceneManifest_Generation = YES;
				INFOPLIST_KEY_UIApplicationSupportsIndirectInputEvents = YES;
				INFOPLIST_KEY_UILaunchScreen_Generation = YES;
				INFOPLIST_KEY_UISupportedInterfaceOrientations_iPad = "UIInterfaceOrientationPortrait UIInterfaceOrientationPortraitUpsideDown UIInterfaceOrientationLandscapeLeft UIInterfaceOrientationLandscapeRight";
				INFOPLIST_KEY_UISupportedInterfaceOrientations_iPhone = "UIInterfaceOrientationPortrait UIInterfaceOrientationLandscapeLeft UIInterfaceOrientationLandscapeRight";
				LD_RUNPATH_SEARCH_PATHS = (
					"$(inherited)",
					"@executable_path/Frameworks",
				);
				MARKETING_VERSION = 1.0;
				PRODUCT_BUNDLE_IDENTIFIER = com.gwendalvallee.VibMusic;
				PRODUCT_NAME = "$(TARGET_NAME)";
				SWIFT_EMIT_LOC_STRINGS = YES;
				SWIFT_VERSION = 5.0;
				TARGETED_DEVICE_FAMILY = "1,2";
			};
			name = Debug;
		};
		BE8A0074294B538F00C97144 /* Release */ = {
			isa = XCBuildConfiguration;
			buildSettings = {
				ALWAYS_EMBED_SWIFT_STANDARD_LIBRARIES = YES;
				ASSETCATALOG_COMPILER_APPICON_NAME = AppIcon;
				ASSETCATALOG_COMPILER_GLOBAL_ACCENT_COLOR_NAME = AccentColor;
				CODE_SIGN_ENTITLEMENTS = VibMusic/VibMusic.entitlements;
				CODE_SIGN_STYLE = Automatic;
				CURRENT_PROJECT_VERSION = 1;
				DEVELOPMENT_ASSET_PATHS = "\"VibMusic/Preview Content\"";
				DEVELOPMENT_TEAM = 32437GKU5J;
				ENABLE_PREVIEWS = YES;
				GENERATE_INFOPLIST_FILE = YES;
				INFOPLIST_FILE = VibMusic/Info.plist;
				INFOPLIST_KEY_NSHomeKitUsageDescription = "L'application a besoin d'accéder à HomeKit pour contrôler la lumière";
				INFOPLIST_KEY_NSMicrophoneUsageDescription = "Please allow microphone to detect background sound";
				INFOPLIST_KEY_UIApplicationSceneManifest_Generation = YES;
				INFOPLIST_KEY_UIApplicationSupportsIndirectInputEvents = YES;
				INFOPLIST_KEY_UILaunchScreen_Generation = YES;
				INFOPLIST_KEY_UISupportedInterfaceOrientations_iPad = "UIInterfaceOrientationPortrait UIInterfaceOrientationPortraitUpsideDown UIInterfaceOrientationLandscapeLeft UIInterfaceOrientationLandscapeRight";
				INFOPLIST_KEY_UISupportedInterfaceOrientations_iPhone = "UIInterfaceOrientationPortrait UIInterfaceOrientationLandscapeLeft UIInterfaceOrientationLandscapeRight";
				LD_RUNPATH_SEARCH_PATHS = (
					"$(inherited)",
					"@executable_path/Frameworks",
				);
				MARKETING_VERSION = 1.0;
				PRODUCT_BUNDLE_IDENTIFIER = com.gwendalvallee.VibMusic;
				PRODUCT_NAME = "$(TARGET_NAME)";
				SWIFT_EMIT_LOC_STRINGS = YES;
				SWIFT_VERSION = 5.0;
				TARGETED_DEVICE_FAMILY = "1,2";
			};
			name = Release;
		};
/* End XCBuildConfiguration section */

/* Begin XCConfigurationList section */
		BE13A8222998F86B00D2533B /* Build configuration list for PBXNativeTarget "VibMusic Companion Watch App" */ = {
			isa = XCConfigurationList;
			buildConfigurations = (
				BE13A8232998F86B00D2533B /* Debug */,
				BE13A8242998F86B00D2533B /* Release */,
			);
			defaultConfigurationIsVisible = 0;
			defaultConfigurationName = Release;
		};
		BE8A005F294B538D00C97144 /* Build configuration list for PBXProject "VibMusic" */ = {
			isa = XCConfigurationList;
			buildConfigurations = (
				BE8A0070294B538F00C97144 /* Debug */,
				BE8A0071294B538F00C97144 /* Release */,
			);
			defaultConfigurationIsVisible = 0;
			defaultConfigurationName = Release;
		};
		BE8A0072294B538F00C97144 /* Build configuration list for PBXNativeTarget "VibMusic" */ = {
			isa = XCConfigurationList;
			buildConfigurations = (
				BE8A0073294B538F00C97144 /* Debug */,
				BE8A0074294B538F00C97144 /* Release */,
			);
			defaultConfigurationIsVisible = 0;
			defaultConfigurationName = Release;
		};
/* End XCConfigurationList section */

/* Begin XCRemoteSwiftPackageReference section */
		BEED91572995CD750096EDD5 /* XCRemoteSwiftPackageReference "lottie-ios" */ = {
			isa = XCRemoteSwiftPackageReference;
			repositoryURL = "git@github.com:airbnb/lottie-ios.git";
			requirement = {
				kind = upToNextMajorVersion;
				minimumVersion = 4.0.0;
			};
		};
		BEF7519929537472005CAB8A /* XCRemoteSwiftPackageReference "AudioKit" */ = {
			isa = XCRemoteSwiftPackageReference;
			repositoryURL = "https://github.com/AudioKit/AudioKit.git";
			requirement = {
				kind = upToNextMajorVersion;
				minimumVersion = 5.0.0;
			};
		};
		BEF7519C2953749C005CAB8A /* XCRemoteSwiftPackageReference "AudioKitEX" */ = {
			isa = XCRemoteSwiftPackageReference;
			repositoryURL = "https://github.com/AudioKit/AudioKitEX.git";
			requirement = {
				kind = upToNextMajorVersion;
				minimumVersion = 5.0.0;
			};
		};
		BEF7519F295374AE005CAB8A /* XCRemoteSwiftPackageReference "AudioKitUI" */ = {
			isa = XCRemoteSwiftPackageReference;
			repositoryURL = "https://github.com/AudioKit/AudioKitUI.git";
			requirement = {
				kind = upToNextMajorVersion;
				minimumVersion = 0.3.4;
			};
		};
		BEF751A2295374C0005CAB8A /* XCRemoteSwiftPackageReference "SoundpipeAudioKit" */ = {
			isa = XCRemoteSwiftPackageReference;
			repositoryURL = "https://github.com/AudioKit/SoundpipeAudioKit.git";
			requirement = {
				kind = upToNextMajorVersion;
				minimumVersion = 5.0.0;
			};
		};
/* End XCRemoteSwiftPackageReference section */

/* Begin XCSwiftPackageProductDependency section */
		BEED91582995CD750096EDD5 /* Lottie */ = {
			isa = XCSwiftPackageProductDependency;
			package = BEED91572995CD750096EDD5 /* XCRemoteSwiftPackageReference "lottie-ios" */;
			productName = Lottie;
		};
		BEF7519A29537472005CAB8A /* AudioKit */ = {
			isa = XCSwiftPackageProductDependency;
			package = BEF7519929537472005CAB8A /* XCRemoteSwiftPackageReference "AudioKit" */;
			productName = AudioKit;
		};
		BEF7519D2953749C005CAB8A /* AudioKitEX */ = {
			isa = XCSwiftPackageProductDependency;
			package = BEF7519C2953749C005CAB8A /* XCRemoteSwiftPackageReference "AudioKitEX" */;
			productName = AudioKitEX;
		};
		BEF751A0295374AE005CAB8A /* AudioKitUI */ = {
			isa = XCSwiftPackageProductDependency;
			package = BEF7519F295374AE005CAB8A /* XCRemoteSwiftPackageReference "AudioKitUI" */;
			productName = AudioKitUI;
		};
		BEF751A3295374C0005CAB8A /* SoundpipeAudioKit */ = {
			isa = XCSwiftPackageProductDependency;
			package = BEF751A2295374C0005CAB8A /* XCRemoteSwiftPackageReference "SoundpipeAudioKit" */;
			productName = SoundpipeAudioKit;
		};
/* End XCSwiftPackageProductDependency section */
	};
	rootObject = BE8A005C294B538D00C97144 /* Project object */;
}
