// !$*UTF8*$!
{
	archiveVersion = 1;
	classes = {
	};
	objectVersion = 56;
	objects = {

/* Begin PBXBuildFile section */
		BE8A0068294B538D00C97144 /* VibMusicApp.swift in Sources */ = {isa = PBXBuildFile; fileRef = BE8A0067294B538D00C97144 /* VibMusicApp.swift */; };
		BE8A006C294B538F00C97144 /* Assets.xcassets in Resources */ = {isa = PBXBuildFile; fileRef = BE8A006B294B538F00C97144 /* Assets.xcassets */; };
		BE8A006F294B538F00C97144 /* Preview Assets.xcassets in Resources */ = {isa = PBXBuildFile; fileRef = BE8A006E294B538F00C97144 /* Preview Assets.xcassets */; };
		BEF75195295371C4005CAB8A /* Tuner.swift in Sources */ = {isa = PBXBuildFile; fileRef = BEF75194295371C4005CAB8A /* Tuner.swift */; };
		BEF7519B29537472005CAB8A /* AudioKit in Frameworks */ = {isa = PBXBuildFile; productRef = BEF7519A29537472005CAB8A /* AudioKit */; };
		BEF7519E2953749C005CAB8A /* AudioKitEX in Frameworks */ = {isa = PBXBuildFile; productRef = BEF7519D2953749C005CAB8A /* AudioKitEX */; };
		BEF751A1295374AE005CAB8A /* AudioKitUI in Frameworks */ = {isa = PBXBuildFile; productRef = BEF751A0295374AE005CAB8A /* AudioKitUI */; };
		BEF751A4295374C0005CAB8A /* SoundpipeAudioKit in Frameworks */ = {isa = PBXBuildFile; productRef = BEF751A3295374C0005CAB8A /* SoundpipeAudioKit */; };
		BEF751A72953D483005CAB8A /* Ambiance.swift in Sources */ = {isa = PBXBuildFile; fileRef = BEF751A62953D483005CAB8A /* Ambiance.swift */; };
		BEF751AA2953EB73005CAB8A /* HomeStore.swift in Sources */ = {isa = PBXBuildFile; fileRef = BEF751A92953EB73005CAB8A /* HomeStore.swift */; };
		BEF751AC2953EBB3005CAB8A /* HomeView.swift in Sources */ = {isa = PBXBuildFile; fileRef = BEF751AB2953EBB3005CAB8A /* HomeView.swift */; };
		BEF751AE2953EC7E005CAB8A /* AccessoriesView.swift in Sources */ = {isa = PBXBuildFile; fileRef = BEF751AD2953EC7E005CAB8A /* AccessoriesView.swift */; };
		BEF751B02953ECEA005CAB8A /* CharacteristicsView.swift in Sources */ = {isa = PBXBuildFile; fileRef = BEF751AF2953ECEA005CAB8A /* CharacteristicsView.swift */; };
		BEF751B22953ED9A005CAB8A /* ServicesView.swift in Sources */ = {isa = PBXBuildFile; fileRef = BEF751B12953ED9A005CAB8A /* ServicesView.swift */; };
		BEF751B42954D227005CAB8A /* RootView.swift in Sources */ = {isa = PBXBuildFile; fileRef = BEF751B32954D226005CAB8A /* RootView.swift */; };
		BEF751BB29554B37005CAB8A /* AmplitudeSection.swift in Sources */ = {isa = PBXBuildFile; fileRef = BEF751BA29554B36005CAB8A /* AmplitudeSection.swift */; };
		BEF751BD2956174A005CAB8A /* AmbiancesListView.swift in Sources */ = {isa = PBXBuildFile; fileRef = BEF751BC29561749005CAB8A /* AmbiancesListView.swift */; };
		BEF751BF29561F37005CAB8A /* AmbianceView.swift in Sources */ = {isa = PBXBuildFile; fileRef = BEF751BE29561F37005CAB8A /* AmbianceView.swift */; };
		BEF751C129561FE1005CAB8A /* AmbiancesViewModel.swift in Sources */ = {isa = PBXBuildFile; fileRef = BEF751C029561FE1005CAB8A /* AmbiancesViewModel.swift */; };
/* End PBXBuildFile section */

/* Begin PBXFileReference section */
		BE8A0064294B538D00C97144 /* VibMusic.app */ = {isa = PBXFileReference; explicitFileType = wrapper.application; includeInIndex = 0; path = VibMusic.app; sourceTree = BUILT_PRODUCTS_DIR; };
		BE8A0067294B538D00C97144 /* VibMusicApp.swift */ = {isa = PBXFileReference; lastKnownFileType = sourcecode.swift; path = VibMusicApp.swift; sourceTree = "<group>"; };
		BE8A006B294B538F00C97144 /* Assets.xcassets */ = {isa = PBXFileReference; lastKnownFileType = folder.assetcatalog; path = Assets.xcassets; sourceTree = "<group>"; };
		BE8A006E294B538F00C97144 /* Preview Assets.xcassets */ = {isa = PBXFileReference; lastKnownFileType = folder.assetcatalog; path = "Preview Assets.xcassets"; sourceTree = "<group>"; };
		BEF75194295371C4005CAB8A /* Tuner.swift */ = {isa = PBXFileReference; lastKnownFileType = sourcecode.swift; path = Tuner.swift; sourceTree = "<group>"; };
		BEF751A62953D483005CAB8A /* Ambiance.swift */ = {isa = PBXFileReference; lastKnownFileType = sourcecode.swift; path = Ambiance.swift; sourceTree = "<group>"; };
		BEF751A82953E2A9005CAB8A /* VibMusic.entitlements */ = {isa = PBXFileReference; lastKnownFileType = text.plist.entitlements; path = VibMusic.entitlements; sourceTree = "<group>"; };
		BEF751A92953EB73005CAB8A /* HomeStore.swift */ = {isa = PBXFileReference; lastKnownFileType = sourcecode.swift; path = HomeStore.swift; sourceTree = "<group>"; };
		BEF751AB2953EBB3005CAB8A /* HomeView.swift */ = {isa = PBXFileReference; lastKnownFileType = sourcecode.swift; path = HomeView.swift; sourceTree = "<group>"; };
		BEF751AD2953EC7E005CAB8A /* AccessoriesView.swift */ = {isa = PBXFileReference; lastKnownFileType = sourcecode.swift; path = AccessoriesView.swift; sourceTree = "<group>"; };
		BEF751AF2953ECEA005CAB8A /* CharacteristicsView.swift */ = {isa = PBXFileReference; lastKnownFileType = sourcecode.swift; name = CharacteristicsView.swift; path = ../CharacteristicsView.swift; sourceTree = "<group>"; };
		BEF751B12953ED9A005CAB8A /* ServicesView.swift */ = {isa = PBXFileReference; lastKnownFileType = sourcecode.swift; name = ServicesView.swift; path = ../ServicesView.swift; sourceTree = "<group>"; };
		BEF751B32954D226005CAB8A /* RootView.swift */ = {isa = PBXFileReference; lastKnownFileType = sourcecode.swift; path = RootView.swift; sourceTree = "<group>"; };
		BEF751BA29554B36005CAB8A /* AmplitudeSection.swift */ = {isa = PBXFileReference; lastKnownFileType = sourcecode.swift; path = AmplitudeSection.swift; sourceTree = "<group>"; };
		BEF751BC29561749005CAB8A /* AmbiancesListView.swift */ = {isa = PBXFileReference; lastKnownFileType = sourcecode.swift; path = AmbiancesListView.swift; sourceTree = "<group>"; };
		BEF751BE29561F37005CAB8A /* AmbianceView.swift */ = {isa = PBXFileReference; lastKnownFileType = sourcecode.swift; path = AmbianceView.swift; sourceTree = "<group>"; };
		BEF751C029561FE1005CAB8A /* AmbiancesViewModel.swift */ = {isa = PBXFileReference; lastKnownFileType = sourcecode.swift; path = AmbiancesViewModel.swift; sourceTree = "<group>"; };
/* End PBXFileReference section */

/* Begin PBXFrameworksBuildPhase section */
		BE8A0061294B538D00C97144 /* Frameworks */ = {
			isa = PBXFrameworksBuildPhase;
			buildActionMask = 2147483647;
			files = (
				BEF7519B29537472005CAB8A /* AudioKit in Frameworks */,
				BEF751A1295374AE005CAB8A /* AudioKitUI in Frameworks */,
				BEF751A4295374C0005CAB8A /* SoundpipeAudioKit in Frameworks */,
				BEF7519E2953749C005CAB8A /* AudioKitEX in Frameworks */,
			);
			runOnlyForDeploymentPostprocessing = 0;
		};
/* End PBXFrameworksBuildPhase section */

/* Begin PBXGroup section */
		BE8A005B294B538D00C97144 = {
			isa = PBXGroup;
			children = (
				BE8A0066294B538D00C97144 /* VibMusic */,
				BE8A0065294B538D00C97144 /* Products */,
			);
			sourceTree = "<group>";
		};
		BE8A0065294B538D00C97144 /* Products */ = {
			isa = PBXGroup;
			children = (
				BE8A0064294B538D00C97144 /* VibMusic.app */,
			);
			name = Products;
			sourceTree = "<group>";
		};
		BE8A0066294B538D00C97144 /* VibMusic */ = {
			isa = PBXGroup;
			children = (
				BEF751B12953ED9A005CAB8A /* ServicesView.swift */,
				BEF751AF2953ECEA005CAB8A /* CharacteristicsView.swift */,
				BEF751AD2953EC7E005CAB8A /* AccessoriesView.swift */,
				BEF751AB2953EBB3005CAB8A /* HomeView.swift */,
				BEF751A92953EB73005CAB8A /* HomeStore.swift */,
				BEF751A82953E2A9005CAB8A /* VibMusic.entitlements */,
				BEF751A52953D478005CAB8A /* Models */,
				BE8A0067294B538D00C97144 /* VibMusicApp.swift */,
				BE8A006B294B538F00C97144 /* Assets.xcassets */,
				BE8A006D294B538F00C97144 /* Preview Content */,
				BEF75194295371C4005CAB8A /* Tuner.swift */,
				BEF751B32954D226005CAB8A /* RootView.swift */,
				BEF751C029561FE1005CAB8A /* AmbiancesViewModel.swift */,
				BEF751BA29554B36005CAB8A /* AmplitudeSection.swift */,
				BEF751BC29561749005CAB8A /* AmbiancesListView.swift */,
				BEF751BE29561F37005CAB8A /* AmbianceView.swift */,
			);
			path = VibMusic;
			sourceTree = "<group>";
		};
		BE8A006D294B538F00C97144 /* Preview Content */ = {
			isa = PBXGroup;
			children = (
				BE8A006E294B538F00C97144 /* Preview Assets.xcassets */,
			);
			path = "Preview Content";
			sourceTree = "<group>";
		};
		BEF751A52953D478005CAB8A /* Models */ = {
			isa = PBXGroup;
			children = (
				BEF751A62953D483005CAB8A /* Ambiance.swift */,
			);
			path = Models;
			sourceTree = "<group>";
		};
/* End PBXGroup section */

/* Begin PBXNativeTarget section */
		BE8A0063294B538D00C97144 /* VibMusic */ = {
			isa = PBXNativeTarget;
			buildConfigurationList = BE8A0072294B538F00C97144 /* Build configuration list for PBXNativeTarget "VibMusic" */;
			buildPhases = (
				BE8A0060294B538D00C97144 /* Sources */,
				BE8A0061294B538D00C97144 /* Frameworks */,
				BE8A0062294B538D00C97144 /* Resources */,
			);
			buildRules = (
			);
			dependencies = (
			);
			name = VibMusic;
			packageProductDependencies = (
				BEF7519A29537472005CAB8A /* AudioKit */,
				BEF7519D2953749C005CAB8A /* AudioKitEX */,
				BEF751A0295374AE005CAB8A /* AudioKitUI */,
				BEF751A3295374C0005CAB8A /* SoundpipeAudioKit */,
			);
			productName = VibMusic;
			productReference = BE8A0064294B538D00C97144 /* VibMusic.app */;
			productType = "com.apple.product-type.application";
		};
/* End PBXNativeTarget section */

/* Begin PBXProject section */
		BE8A005C294B538D00C97144 /* Project object */ = {
			isa = PBXProject;
			attributes = {
				BuildIndependentTargetsInParallel = 1;
				LastSwiftUpdateCheck = 1400;
				LastUpgradeCheck = 1400;
				TargetAttributes = {
					BE8A0063294B538D00C97144 = {
						CreatedOnToolsVersion = 14.0.1;
					};
				};
			};
			buildConfigurationList = BE8A005F294B538D00C97144 /* Build configuration list for PBXProject "VibMusic" */;
			compatibilityVersion = "Xcode 14.0";
			developmentRegion = en;
			hasScannedForEncodings = 0;
			knownRegions = (
				en,
				Base,
			);
			mainGroup = BE8A005B294B538D00C97144;
			packageReferences = (
				BEF7519929537472005CAB8A /* XCRemoteSwiftPackageReference "AudioKit" */,
				BEF7519C2953749C005CAB8A /* XCRemoteSwiftPackageReference "AudioKitEX" */,
				BEF7519F295374AE005CAB8A /* XCRemoteSwiftPackageReference "AudioKitUI" */,
				BEF751A2295374C0005CAB8A /* XCRemoteSwiftPackageReference "SoundpipeAudioKit" */,
			);
			productRefGroup = BE8A0065294B538D00C97144 /* Products */;
			projectDirPath = "";
			projectRoot = "";
			targets = (
				BE8A0063294B538D00C97144 /* VibMusic */,
			);
		};
/* End PBXProject section */

/* Begin PBXResourcesBuildPhase section */
		BE8A0062294B538D00C97144 /* Resources */ = {
			isa = PBXResourcesBuildPhase;
			buildActionMask = 2147483647;
			files = (
				BE8A006F294B538F00C97144 /* Preview Assets.xcassets in Resources */,
				BE8A006C294B538F00C97144 /* Assets.xcassets in Resources */,
			);
			runOnlyForDeploymentPostprocessing = 0;
		};
/* End PBXResourcesBuildPhase section */

/* Begin PBXSourcesBuildPhase section */
		BE8A0060294B538D00C97144 /* Sources */ = {
			isa = PBXSourcesBuildPhase;
			buildActionMask = 2147483647;
			files = (
				BEF751C129561FE1005CAB8A /* AmbiancesViewModel.swift in Sources */,
				BEF751AA2953EB73005CAB8A /* HomeStore.swift in Sources */,
				BEF75195295371C4005CAB8A /* Tuner.swift in Sources */,
				BE8A0068294B538D00C97144 /* VibMusicApp.swift in Sources */,
				BEF751BD2956174A005CAB8A /* AmbiancesListView.swift in Sources */,
				BEF751AE2953EC7E005CAB8A /* AccessoriesView.swift in Sources */,
				BEF751B22953ED9A005CAB8A /* ServicesView.swift in Sources */,
				BEF751B42954D227005CAB8A /* RootView.swift in Sources */,
				BEF751BB29554B37005CAB8A /* AmplitudeSection.swift in Sources */,
				BEF751BF29561F37005CAB8A /* AmbianceView.swift in Sources */,
				BEF751AC2953EBB3005CAB8A /* HomeView.swift in Sources */,
				BEF751B02953ECEA005CAB8A /* CharacteristicsView.swift in Sources */,
				BEF751A72953D483005CAB8A /* Ambiance.swift in Sources */,
			);
			runOnlyForDeploymentPostprocessing = 0;
		};
/* End PBXSourcesBuildPhase section */

/* Begin XCBuildConfiguration section */
		BE8A0070294B538F00C97144 /* Debug */ = {
			isa = XCBuildConfiguration;
			buildSettings = {
				ALWAYS_SEARCH_USER_PATHS = NO;
				CLANG_ANALYZER_NONNULL = YES;
				CLANG_ANALYZER_NUMBER_OBJECT_CONVERSION = YES_AGGRESSIVE;
				CLANG_CXX_LANGUAGE_STANDARD = "gnu++20";
				CLANG_ENABLE_MODULES = YES;
				CLANG_ENABLE_OBJC_ARC = YES;
				CLANG_ENABLE_OBJC_WEAK = YES;
				CLANG_WARN_BLOCK_CAPTURE_AUTORELEASING = YES;
				CLANG_WARN_BOOL_CONVERSION = YES;
				CLANG_WARN_COMMA = YES;
				CLANG_WARN_CONSTANT_CONVERSION = YES;
				CLANG_WARN_DEPRECATED_OBJC_IMPLEMENTATIONS = YES;
				CLANG_WARN_DIRECT_OBJC_ISA_USAGE = YES_ERROR;
				CLANG_WARN_DOCUMENTATION_COMMENTS = YES;
				CLANG_WARN_EMPTY_BODY = YES;
				CLANG_WARN_ENUM_CONVERSION = YES;
				CLANG_WARN_INFINITE_RECURSION = YES;
				CLANG_WARN_INT_CONVERSION = YES;
				CLANG_WARN_NON_LITERAL_NULL_CONVERSION = YES;
				CLANG_WARN_OBJC_IMPLICIT_RETAIN_SELF = YES;
				CLANG_WARN_OBJC_LITERAL_CONVERSION = YES;
				CLANG_WARN_OBJC_ROOT_CLASS = YES_ERROR;
				CLANG_WARN_QUOTED_INCLUDE_IN_FRAMEWORK_HEADER = YES;
				CLANG_WARN_RANGE_LOOP_ANALYSIS = YES;
				CLANG_WARN_STRICT_PROTOTYPES = YES;
				CLANG_WARN_SUSPICIOUS_MOVE = YES;
				CLANG_WARN_UNGUARDED_AVAILABILITY = YES_AGGRESSIVE;
				CLANG_WARN_UNREACHABLE_CODE = YES;
				CLANG_WARN__DUPLICATE_METHOD_MATCH = YES;
				COPY_PHASE_STRIP = NO;
				DEBUG_INFORMATION_FORMAT = dwarf;
				ENABLE_STRICT_OBJC_MSGSEND = YES;
				ENABLE_TESTABILITY = YES;
				GCC_C_LANGUAGE_STANDARD = gnu11;
				GCC_DYNAMIC_NO_PIC = NO;
				GCC_NO_COMMON_BLOCKS = YES;
				GCC_OPTIMIZATION_LEVEL = 0;
				GCC_PREPROCESSOR_DEFINITIONS = (
					"DEBUG=1",
					"$(inherited)",
				);
				GCC_WARN_64_TO_32_BIT_CONVERSION = YES;
				GCC_WARN_ABOUT_RETURN_TYPE = YES_ERROR;
				GCC_WARN_UNDECLARED_SELECTOR = YES;
				GCC_WARN_UNINITIALIZED_AUTOS = YES_AGGRESSIVE;
				GCC_WARN_UNUSED_FUNCTION = YES;
				GCC_WARN_UNUSED_VARIABLE = YES;
				IPHONEOS_DEPLOYMENT_TARGET = 16.0;
				MTL_ENABLE_DEBUG_INFO = INCLUDE_SOURCE;
				MTL_FAST_MATH = YES;
				ONLY_ACTIVE_ARCH = YES;
				SDKROOT = iphoneos;
				SWIFT_ACTIVE_COMPILATION_CONDITIONS = DEBUG;
				SWIFT_OPTIMIZATION_LEVEL = "-Onone";
			};
			name = Debug;
		};
		BE8A0071294B538F00C97144 /* Release */ = {
			isa = XCBuildConfiguration;
			buildSettings = {
				ALWAYS_SEARCH_USER_PATHS = NO;
				CLANG_ANALYZER_NONNULL = YES;
				CLANG_ANALYZER_NUMBER_OBJECT_CONVERSION = YES_AGGRESSIVE;
				CLANG_CXX_LANGUAGE_STANDARD = "gnu++20";
				CLANG_ENABLE_MODULES = YES;
				CLANG_ENABLE_OBJC_ARC = YES;
				CLANG_ENABLE_OBJC_WEAK = YES;
				CLANG_WARN_BLOCK_CAPTURE_AUTORELEASING = YES;
				CLANG_WARN_BOOL_CONVERSION = YES;
				CLANG_WARN_COMMA = YES;
				CLANG_WARN_CONSTANT_CONVERSION = YES;
				CLANG_WARN_DEPRECATED_OBJC_IMPLEMENTATIONS = YES;
				CLANG_WARN_DIRECT_OBJC_ISA_USAGE = YES_ERROR;
				CLANG_WARN_DOCUMENTATION_COMMENTS = YES;
				CLANG_WARN_EMPTY_BODY = YES;
				CLANG_WARN_ENUM_CONVERSION = YES;
				CLANG_WARN_INFINITE_RECURSION = YES;
				CLANG_WARN_INT_CONVERSION = YES;
				CLANG_WARN_NON_LITERAL_NULL_CONVERSION = YES;
				CLANG_WARN_OBJC_IMPLICIT_RETAIN_SELF = YES;
				CLANG_WARN_OBJC_LITERAL_CONVERSION = YES;
				CLANG_WARN_OBJC_ROOT_CLASS = YES_ERROR;
				CLANG_WARN_QUOTED_INCLUDE_IN_FRAMEWORK_HEADER = YES;
				CLANG_WARN_RANGE_LOOP_ANALYSIS = YES;
				CLANG_WARN_STRICT_PROTOTYPES = YES;
				CLANG_WARN_SUSPICIOUS_MOVE = YES;
				CLANG_WARN_UNGUARDED_AVAILABILITY = YES_AGGRESSIVE;
				CLANG_WARN_UNREACHABLE_CODE = YES;
				CLANG_WARN__DUPLICATE_METHOD_MATCH = YES;
				COPY_PHASE_STRIP = NO;
				DEBUG_INFORMATION_FORMAT = "dwarf-with-dsym";
				ENABLE_NS_ASSERTIONS = NO;
				ENABLE_STRICT_OBJC_MSGSEND = YES;
				GCC_C_LANGUAGE_STANDARD = gnu11;
				GCC_NO_COMMON_BLOCKS = YES;
				GCC_WARN_64_TO_32_BIT_CONVERSION = YES;
				GCC_WARN_ABOUT_RETURN_TYPE = YES_ERROR;
				GCC_WARN_UNDECLARED_SELECTOR = YES;
				GCC_WARN_UNINITIALIZED_AUTOS = YES_AGGRESSIVE;
				GCC_WARN_UNUSED_FUNCTION = YES;
				GCC_WARN_UNUSED_VARIABLE = YES;
				IPHONEOS_DEPLOYMENT_TARGET = 16.0;
				MTL_ENABLE_DEBUG_INFO = NO;
				MTL_FAST_MATH = YES;
				SDKROOT = iphoneos;
				SWIFT_COMPILATION_MODE = wholemodule;
				SWIFT_OPTIMIZATION_LEVEL = "-O";
				VALIDATE_PRODUCT = YES;
			};
			name = Release;
		};
		BE8A0073294B538F00C97144 /* Debug */ = {
			isa = XCBuildConfiguration;
			buildSettings = {
				ASSETCATALOG_COMPILER_APPICON_NAME = AppIcon;
				ASSETCATALOG_COMPILER_GLOBAL_ACCENT_COLOR_NAME = AccentColor;
				CODE_SIGN_ENTITLEMENTS = VibMusic/VibMusic.entitlements;
				CODE_SIGN_STYLE = Automatic;
				CURRENT_PROJECT_VERSION = 1;
				DEVELOPMENT_ASSET_PATHS = "\"VibMusic/Preview Content\"";
				DEVELOPMENT_TEAM = 32437GKU5J;
				ENABLE_PREVIEWS = YES;
				GENERATE_INFOPLIST_FILE = YES;
				INFOPLIST_KEY_NSHomeKitUsageDescription = "L'application a besoin d'accéder à HomeKit pour contrôler la lumière";
				INFOPLIST_KEY_NSMicrophoneUsageDescription = "Please allow microphone to detect background sound";
				INFOPLIST_KEY_UIApplicationSceneManifest_Generation = YES;
				INFOPLIST_KEY_UIApplicationSupportsIndirectInputEvents = YES;
				INFOPLIST_KEY_UILaunchScreen_Generation = YES;
				INFOPLIST_KEY_UISupportedInterfaceOrientations_iPad = "UIInterfaceOrientationPortrait UIInterfaceOrientationPortraitUpsideDown UIInterfaceOrientationLandscapeLeft UIInterfaceOrientationLandscapeRight";
				INFOPLIST_KEY_UISupportedInterfaceOrientations_iPhone = "UIInterfaceOrientationPortrait UIInterfaceOrientationLandscapeLeft UIInterfaceOrientationLandscapeRight";
				LD_RUNPATH_SEARCH_PATHS = (
					"$(inherited)",
					"@executable_path/Frameworks",
				);
				MARKETING_VERSION = 1.0;
				PRODUCT_BUNDLE_IDENTIFIER = com.gwendalvallee.VibMusic;
				PRODUCT_NAME = "$(TARGET_NAME)";
				SWIFT_EMIT_LOC_STRINGS = YES;
				SWIFT_VERSION = 5.0;
				TARGETED_DEVICE_FAMILY = "1,2";
			};
			name = Debug;
		};
		BE8A0074294B538F00C97144 /* Release */ = {
			isa = XCBuildConfiguration;
			buildSettings = {
				ASSETCATALOG_COMPILER_APPICON_NAME = AppIcon;
				ASSETCATALOG_COMPILER_GLOBAL_ACCENT_COLOR_NAME = AccentColor;
				CODE_SIGN_ENTITLEMENTS = VibMusic/VibMusic.entitlements;
				CODE_SIGN_STYLE = Automatic;
				CURRENT_PROJECT_VERSION = 1;
				DEVELOPMENT_ASSET_PATHS = "\"VibMusic/Preview Content\"";
				DEVELOPMENT_TEAM = 32437GKU5J;
				ENABLE_PREVIEWS = YES;
				GENERATE_INFOPLIST_FILE = YES;
				INFOPLIST_KEY_NSHomeKitUsageDescription = "L'application a besoin d'accéder à HomeKit pour contrôler la lumière";
				INFOPLIST_KEY_NSMicrophoneUsageDescription = "Please allow microphone to detect background sound";
				INFOPLIST_KEY_UIApplicationSceneManifest_Generation = YES;
				INFOPLIST_KEY_UIApplicationSupportsIndirectInputEvents = YES;
				INFOPLIST_KEY_UILaunchScreen_Generation = YES;
				INFOPLIST_KEY_UISupportedInterfaceOrientations_iPad = "UIInterfaceOrientationPortrait UIInterfaceOrientationPortraitUpsideDown UIInterfaceOrientationLandscapeLeft UIInterfaceOrientationLandscapeRight";
				INFOPLIST_KEY_UISupportedInterfaceOrientations_iPhone = "UIInterfaceOrientationPortrait UIInterfaceOrientationLandscapeLeft UIInterfaceOrientationLandscapeRight";
				LD_RUNPATH_SEARCH_PATHS = (
					"$(inherited)",
					"@executable_path/Frameworks",
				);
				MARKETING_VERSION = 1.0;
				PRODUCT_BUNDLE_IDENTIFIER = com.gwendalvallee.VibMusic;
				PRODUCT_NAME = "$(TARGET_NAME)";
				SWIFT_EMIT_LOC_STRINGS = YES;
				SWIFT_VERSION = 5.0;
				TARGETED_DEVICE_FAMILY = "1,2";
			};
			name = Release;
		};
/* End XCBuildConfiguration section */

/* Begin XCConfigurationList section */
		BE8A005F294B538D00C97144 /* Build configuration list for PBXProject "VibMusic" */ = {
			isa = XCConfigurationList;
			buildConfigurations = (
				BE8A0070294B538F00C97144 /* Debug */,
				BE8A0071294B538F00C97144 /* Release */,
			);
			defaultConfigurationIsVisible = 0;
			defaultConfigurationName = Release;
		};
		BE8A0072294B538F00C97144 /* Build configuration list for PBXNativeTarget "VibMusic" */ = {
			isa = XCConfigurationList;
			buildConfigurations = (
				BE8A0073294B538F00C97144 /* Debug */,
				BE8A0074294B538F00C97144 /* Release */,
			);
			defaultConfigurationIsVisible = 0;
			defaultConfigurationName = Release;
		};
/* End XCConfigurationList section */

/* Begin XCRemoteSwiftPackageReference section */
		BEF7519929537472005CAB8A /* XCRemoteSwiftPackageReference "AudioKit" */ = {
			isa = XCRemoteSwiftPackageReference;
			repositoryURL = "https://github.com/AudioKit/AudioKit.git";
			requirement = {
				kind = upToNextMajorVersion;
				minimumVersion = 5.0.0;
			};
		};
		BEF7519C2953749C005CAB8A /* XCRemoteSwiftPackageReference "AudioKitEX" */ = {
			isa = XCRemoteSwiftPackageReference;
			repositoryURL = "https://github.com/AudioKit/AudioKitEX.git";
			requirement = {
				kind = upToNextMajorVersion;
				minimumVersion = 5.0.0;
			};
		};
		BEF7519F295374AE005CAB8A /* XCRemoteSwiftPackageReference "AudioKitUI" */ = {
			isa = XCRemoteSwiftPackageReference;
			repositoryURL = "https://github.com/AudioKit/AudioKitUI.git";
			requirement = {
				kind = upToNextMajorVersion;
				minimumVersion = 0.3.4;
			};
		};
		BEF751A2295374C0005CAB8A /* XCRemoteSwiftPackageReference "SoundpipeAudioKit" */ = {
			isa = XCRemoteSwiftPackageReference;
			repositoryURL = "https://github.com/AudioKit/SoundpipeAudioKit.git";
			requirement = {
				kind = upToNextMajorVersion;
				minimumVersion = 5.0.0;
			};
		};
/* End XCRemoteSwiftPackageReference section */

/* Begin XCSwiftPackageProductDependency section */
		BEF7519A29537472005CAB8A /* AudioKit */ = {
			isa = XCSwiftPackageProductDependency;
			package = BEF7519929537472005CAB8A /* XCRemoteSwiftPackageReference "AudioKit" */;
			productName = AudioKit;
		};
		BEF7519D2953749C005CAB8A /* AudioKitEX */ = {
			isa = XCSwiftPackageProductDependency;
			package = BEF7519C2953749C005CAB8A /* XCRemoteSwiftPackageReference "AudioKitEX" */;
			productName = AudioKitEX;
		};
		BEF751A0295374AE005CAB8A /* AudioKitUI */ = {
			isa = XCSwiftPackageProductDependency;
			package = BEF7519F295374AE005CAB8A /* XCRemoteSwiftPackageReference "AudioKitUI" */;
			productName = AudioKitUI;
		};
		BEF751A3295374C0005CAB8A /* SoundpipeAudioKit */ = {
			isa = XCSwiftPackageProductDependency;
			package = BEF751A2295374C0005CAB8A /* XCRemoteSwiftPackageReference "SoundpipeAudioKit" */;
			productName = SoundpipeAudioKit;
		};
/* End XCSwiftPackageProductDependency section */
	};
	rootObject = BE8A005C294B538D00C97144 /* Project object */;
}
